
Microsoft Visual Studio Solution File, Format Version 12.00
# Visual Studio Version 17
VisualStudioVersion = 17.11.35219.272
MinimumVisualStudioVersion = 10.0.40219.1
Project("{FAE04EC0-301F-11D3-BF4B-00C04F79EFBC}") = "SleepHQ_AutoUploader_ForSleepStyle", "SleepHQ_AutoUploader_ForSleepStyle\SleepHQ_AutoUploader_ForSleepStyle.csproj", "{66543E23-B2DC-48D8-9CE4-7436FBC6A65D}"
EndProject
Global
	GlobalSection(SolutionConfigurationPlatforms) = preSolution
		Debug|Any CPU = Debug|Any CPU
		Release|Any CPU = Release|Any CPU
	EndGlobalSection
	GlobalSection(ProjectConfigurationPlatforms) = postSolution
		{66543E23-B2DC-48D8-9CE4-7436FBC6A65D}.Debug|Any CPU.ActiveCfg = Debug|Any CPU
		{66543E23-B2DC-48D8-9CE4-7436FBC6A65D}.Debug|Any CPU.Build.0 = Debug|Any CPU
		{66543E23-B2DC-48D8-9CE4-7436FBC6A65D}.Release|Any CPU.ActiveCfg = Release|Any CPU
		{66543E23-B2DC-48D8-9CE4-7436FBC6A65D}.Release|Any CPU.Build.0 = Release|Any CPU
	EndGlobalSection
	GlobalSection(SolutionProperties) = preSolution
		HideSolutionNode = FALSE
	EndGlobalSection
	GlobalSection(ExtensibilityGlobals) = postSolution
		SolutionGuid = {542BD024-B066-4C3D-B4D1-C4B9DB5C037B}
	EndGlobalSection
EndGlobal
